
Microsoft Visual Studio Solution File, Format Version 12.00
# Visual Studio 15
VisualStudioVersion = 15.0.26430.14
MinimumVisualStudioVersion = 10.0.40219.1
Project("{6989167D-11E4-40FE-8C1A-2192A86A7E90}") = "gdqmc_icf_pin1.1", "gdqmc_icf_pin1.1\gdqmc_icf_pin1.1.vfproj", "{7399A75A-8E48-41DA-A547-7D6D5BF6B326}"
EndProject
Global
	GlobalSection(SolutionConfigurationPlatforms) = preSolution
		Debug|x86 = Debug|x86
		Release|x86 = Release|x86
	EndGlobalSection
	GlobalSection(ProjectConfigurationPlatforms) = postSolution
		{7399A75A-8E48-41DA-A547-7D6D5BF6B326}.Debug|x86.ActiveCfg = Debug|Win32
		{7399A75A-8E48-41DA-A547-7D6D5BF6B326}.Debug|x86.Build.0 = Debug|Win32
		{7399A75A-8E48-41DA-A547-7D6D5BF6B326}.Release|x86.ActiveCfg = Release|Win32
		{7399A75A-8E48-41DA-A547-7D6D5BF6B326}.Release|x86.Build.0 = Release|Win32
	EndGlobalSection
	GlobalSection(SolutionProperties) = preSolution
		HideSolutionNode = FALSE
	EndGlobalSection
EndGlobal
